// !$*UTF8*$!
{
	archiveVersion = 1;
	classes = {
	};
	objectVersion = 46;
	objects = {

/* Begin PBXBuildFile section */
		CD176E4A228DC39000282568 /* AppDelegate.swift in Sources */ = {isa = PBXBuildFile; fileRef = CD176E49228DC39000282568 /* AppDelegate.swift */; };
		CD176E4C228DC39000282568 /* GameScene.sks in Resources */ = {isa = PBXBuildFile; fileRef = CD176E4B228DC39000282568 /* GameScene.sks */; };
		CD176E50228DC39000282568 /* GameScene.swift in Sources */ = {isa = PBXBuildFile; fileRef = CD176E4F228DC39000282568 /* GameScene.swift */; };
		CD176E52228DC39000282568 /* GameViewController.swift in Sources */ = {isa = PBXBuildFile; fileRef = CD176E51228DC39000282568 /* GameViewController.swift */; };
		CD176E55228DC39000282568 /* Main.storyboard in Resources */ = {isa = PBXBuildFile; fileRef = CD176E53228DC39000282568 /* Main.storyboard */; };
		CD176E57228DC39000282568 /* Assets.xcassets in Resources */ = {isa = PBXBuildFile; fileRef = CD176E56228DC39000282568 /* Assets.xcassets */; };
		CD176E5A228DC39000282568 /* LaunchScreen.storyboard in Resources */ = {isa = PBXBuildFile; fileRef = CD176E58228DC39000282568 /* LaunchScreen.storyboard */; };
		CD176E62228DC40E00282568 /* GameManager.swift in Sources */ = {isa = PBXBuildFile; fileRef = CD176E61228DC40E00282568 /* GameManager.swift */; };
/* End PBXBuildFile section */

/* Begin PBXFileReference section */
		CD176E46228DC39000282568 /* Snake.app */ = {isa = PBXFileReference; explicitFileType = wrapper.application; includeInIndex = 0; path = Snake.app; sourceTree = BUILT_PRODUCTS_DIR; };
		CD176E49228DC39000282568 /* AppDelegate.swift */ = {isa = PBXFileReference; lastKnownFileType = sourcecode.swift; path = AppDelegate.swift; sourceTree = "<group>"; };
		CD176E4B228DC39000282568 /* GameScene.sks */ = {isa = PBXFileReference; lastKnownFileType = file.sks; path = GameScene.sks; sourceTree = "<group>"; };
		CD176E4F228DC39000282568 /* GameScene.swift */ = {isa = PBXFileReference; lastKnownFileType = sourcecode.swift; path = GameScene.swift; sourceTree = "<group>"; };
		CD176E51228DC39000282568 /* GameViewController.swift */ = {isa = PBXFileReference; lastKnownFileType = sourcecode.swift; path = GameViewController.swift; sourceTree = "<group>"; };
		CD176E54228DC39000282568 /* Base */ = {isa = PBXFileReference; lastKnownFileType = file.storyboard; name = Base; path = Base.lproj/Main.storyboard; sourceTree = "<group>"; };
		CD176E56228DC39000282568 /* Assets.xcassets */ = {isa = PBXFileReference; lastKnownFileType = folder.assetcatalog; path = Assets.xcassets; sourceTree = "<group>"; };
		CD176E59228DC39000282568 /* Base */ = {isa = PBXFileReference; lastKnownFileType = file.storyboard; name = Base; path = Base.lproj/LaunchScreen.storyboard; sourceTree = "<group>"; };
		CD176E5B228DC39000282568 /* Info.plist */ = {isa = PBXFileReference; lastKnownFileType = text.plist.xml; path = Info.plist; sourceTree = "<group>"; };
		CD176E61228DC40E00282568 /* GameManager.swift */ = {isa = PBXFileReference; fileEncoding = 4; lastKnownFileType = sourcecode.swift; path = GameManager.swift; sourceTree = "<group>"; };
/* End PBXFileReference section */

/* Begin PBXFrameworksBuildPhase section */
		CD176E43228DC39000282568 /* Frameworks */ = {
			isa = PBXFrameworksBuildPhase;
			buildActionMask = 2147483647;
			files = (
			);
			runOnlyForDeploymentPostprocessing = 0;
		};
/* End PBXFrameworksBuildPhase section */

/* Begin PBXGroup section */
		CD176E3D228DC39000282568 = {
			isa = PBXGroup;
			children = (
				CD176E48228DC39000282568 /* Snake */,
				CD176E47228DC39000282568 /* Products */,
			);
			sourceTree = "<group>";
		};
		CD176E47228DC39000282568 /* Products */ = {
			isa = PBXGroup;
			children = (
				CD176E46228DC39000282568 /* Snake.app */,
			);
			name = Products;
			sourceTree = "<group>";
		};
		CD176E48228DC39000282568 /* Snake */ = {
			isa = PBXGroup;
			children = (
				CD176E49228DC39000282568 /* AppDelegate.swift */,
				CD176E4B228DC39000282568 /* GameScene.sks */,
				CD176E4F228DC39000282568 /* GameScene.swift */,
				CD176E51228DC39000282568 /* GameViewController.swift */,
				CD176E53228DC39000282568 /* Main.storyboard */,
				CD176E61228DC40E00282568 /* GameManager.swift */,
				CD176E56228DC39000282568 /* Assets.xcassets */,
				CD176E58228DC39000282568 /* LaunchScreen.storyboard */,
				CD176E5B228DC39000282568 /* Info.plist */,
			);
			path = Snake;
			sourceTree = "<group>";
		};
/* End PBXGroup section */

/* Begin PBXNativeTarget section */
		CD176E45228DC39000282568 /* Snake */ = {
			isa = PBXNativeTarget;
			buildConfigurationList = CD176E5E228DC39000282568 /* Build configuration list for PBXNativeTarget "Snake" */;
			buildPhases = (
				CD176E42228DC39000282568 /* Sources */,
				CD176E43228DC39000282568 /* Frameworks */,
				CD176E44228DC39000282568 /* Resources */,
			);
			buildRules = (
			);
			dependencies = (
			);
			name = Snake;
			productName = Snake;
			productReference = CD176E46228DC39000282568 /* Snake.app */;
			productType = "com.apple.product-type.application";
		};
/* End PBXNativeTarget section */

/* Begin PBXProject section */
		CD176E3E228DC39000282568 /* Project object */ = {
			isa = PBXProject;
			attributes = {
				LastSwiftUpdateCheck = 0820;
				LastUpgradeCheck = 0820;
				ORGANIZATIONNAME = "Patrick Moore";
				TargetAttributes = {
					CD176E45228DC39000282568 = {
						CreatedOnToolsVersion = 8.2.1;
						ProvisioningStyle = Automatic;
					};
				};
			};
			buildConfigurationList = CD176E41228DC39000282568 /* Build configuration list for PBXProject "Snake" */;
			compatibilityVersion = "Xcode 3.2";
			developmentRegion = English;
			hasScannedForEncodings = 0;
			knownRegions = (
				en,
				Base,
			);
			mainGroup = CD176E3D228DC39000282568;
			productRefGroup = CD176E47228DC39000282568 /* Products */;
			projectDirPath = "";
			projectRoot = "";
			targets = (
				CD176E45228DC39000282568 /* Snake */,
			);
		};
/* End PBXProject section */

/* Begin PBXResourcesBuildPhase section */
		CD176E44228DC39000282568 /* Resources */ = {
			isa = PBXResourcesBuildPhase;
			buildActionMask = 2147483647;
			files = (
				CD176E55228DC39000282568 /* Main.storyboard in Resources */,
				CD176E4C228DC39000282568 /* GameScene.sks in Resources */,
				CD176E57228DC39000282568 /* Assets.xcassets in Resources */,
				CD176E5A228DC39000282568 /* LaunchScreen.storyboard in Resources */,
			);
			runOnlyForDeploymentPostprocessing = 0;
		};
/* End PBXResourcesBuildPhase section */

/* Begin PBXSourcesBuildPhase section */
		CD176E42228DC39000282568 /* Sources */ = {
			isa = PBXSourcesBuildPhase;
			buildActionMask = 2147483647;
			files = (
				CD176E50228DC39000282568 /* GameScene.swift in Sources */,
				CD176E62228DC40E00282568 /* GameManager.swift in Sources */,
				CD176E52228DC39000282568 /* GameViewController.swift in Sources */,
				CD176E4A228DC39000282568 /* AppDelegate.swift in Sources */,
			);
			runOnlyForDeploymentPostprocessing = 0;
		};
/* End PBXSourcesBuildPhase section */

/* Begin PBXVariantGroup section */
		CD176E53228DC39000282568 /* Main.storyboard */ = {
			isa = PBXVariantGroup;
			children = (
				CD176E54228DC39000282568 /* Base */,
			);
			name = Main.storyboard;
			sourceTree = "<group>";
		};
		CD176E58228DC39000282568 /* LaunchScreen.storyboard */ = {
			isa = PBXVariantGroup;
			children = (
				CD176E59228DC39000282568 /* Base */,
			);
			name = LaunchScreen.storyboard;
			sourceTree = "<group>";
		};
/* End PBXVariantGroup section */

/* Begin XCBuildConfiguration section */
		CD176E5C228DC39000282568 /* Debug */ = {
			isa = XCBuildConfiguration;
			buildSettings = {
				ALWAYS_SEARCH_USER_PATHS = NO;
				CLANG_ANALYZER_NONNULL = YES;
				CLANG_CXX_LANGUAGE_STANDARD = "gnu++0x";
				CLANG_CXX_LIBRARY = "libc++";
				CLANG_ENABLE_MODULES = YES;
				CLANG_ENABLE_OBJC_ARC = YES;
				CLANG_WARN_BOOL_CONVERSION = YES;
				CLANG_WARN_CONSTANT_CONVERSION = YES;
				CLANG_WARN_DIRECT_OBJC_ISA_USAGE = YES_ERROR;
				CLANG_WARN_DOCUMENTATION_COMMENTS = YES;
				CLANG_WARN_EMPTY_BODY = YES;
				CLANG_WARN_ENUM_CONVERSION = YES;
				CLANG_WARN_INFINITE_RECURSION = YES;
				CLANG_WARN_INT_CONVERSION = YES;
				CLANG_WARN_OBJC_ROOT_CLASS = YES_ERROR;
				CLANG_WARN_SUSPICIOUS_MOVE = YES;
				CLANG_WARN_UNREACHABLE_CODE = YES;
				CLANG_WARN__DUPLICATE_METHOD_MATCH = YES;
				"CODE_SIGN_IDENTITY[sdk=iphoneos*]" = "iPhone Developer";
				COPY_PHASE_STRIP = NO;
				DEBUG_INFORMATION_FORMAT = dwarf;
				ENABLE_STRICT_OBJC_MSGSEND = YES;
				ENABLE_TESTABILITY = YES;
				GCC_C_LANGUAGE_STANDARD = gnu99;
				GCC_DYNAMIC_NO_PIC = NO;
				GCC_NO_COMMON_BLOCKS = YES;
				GCC_OPTIMIZATION_LEVEL = 0;
				GCC_PREPROCESSOR_DEFINITIONS = (
					"DEBUG=1",
					"$(inherited)",
				);
				GCC_WARN_64_TO_32_BIT_CONVERSION = YES;
				GCC_WARN_ABOUT_RETURN_TYPE = YES_ERROR;
				GCC_WARN_UNDECLARED_SELECTOR = YES;
				GCC_WARN_UNINITIALIZED_AUTOS = YES_AGGRESSIVE;
				GCC_WARN_UNUSED_FUNCTION = YES;
				GCC_WARN_UNUSED_VARIABLE = YES;
				IPHONEOS_DEPLOYMENT_TARGET = 10.2;
				MTL_ENABLE_DEBUG_INFO = YES;
				ONLY_ACTIVE_ARCH = YES;
				SDKROOT = iphoneos;
				SWIFT_ACTIVE_COMPILATION_CONDITIONS = DEBUG;
				SWIFT_OPTIMIZATION_LEVEL = "-Onone";
				TARGETED_DEVICE_FAMILY = "1,2";
			};
			name = Debug;
		};
		CD176E5D228DC39000282568 /* Release */ = {
			isa = XCBuildConfiguration;
			buildSettings = {
				ALWAYS_SEARCH_USER_PATHS = NO;
				CLANG_ANALYZER_NONNULL = YES;
				CLANG_CXX_LANGUAGE_STANDARD = "gnu++0x";
				CLANG_CXX_LIBRARY = "libc++";
				CLANG_ENABLE_MODULES = YES;
				CLANG_ENABLE_OBJC_ARC = YES;
				CLANG_WARN_BOOL_CONVERSION = YES;
				CLANG_WARN_CONSTANT_CONVERSION = YES;
				CLANG_WARN_DIRECT_OBJC_ISA_USAGE = YES_ERROR;
				CLANG_WARN_DOCUMENTATION_COMMENTS = YES;
				CLANG_WARN_EMPTY_BODY = YES;
				CLANG_WARN_ENUM_CONVERSION = YES;
				CLANG_WARN_INFINITE_RECURSION = YES;
				CLANG_WARN_INT_CONVERSION = YES;
				CLANG_WARN_OBJC_ROOT_CLASS = YES_ERROR;
				CLANG_WARN_SUSPICIOUS_MOVE = YES;
				CLANG_WARN_UNREACHABLE_CODE = YES;
				CLANG_WARN__DUPLICATE_METHOD_MATCH = YES;
				"CODE_SIGN_IDENTITY[sdk=iphoneos*]" = "iPhone Developer";
				COPY_PHASE_STRIP = NO;
				DEBUG_INFORMATION_FORMAT = "dwarf-with-dsym";
				ENABLE_NS_ASSERTIONS = NO;
				ENABLE_STRICT_OBJC_MSGSEND = YES;
				GCC_C_LANGUAGE_STANDARD = gnu99;
				GCC_NO_COMMON_BLOCKS = YES;
				GCC_WARN_64_TO_32_BIT_CONVERSION = YES;
				GCC_WARN_ABOUT_RETURN_TYPE = YES_ERROR;
				GCC_WARN_UNDECLARED_SELECTOR = YES;
				GCC_WARN_UNINITIALIZED_AUTOS = YES_AGGRESSIVE;
				GCC_WARN_UNUSED_FUNCTION = YES;
				GCC_WARN_UNUSED_VARIABLE = YES;
				IPHONEOS_DEPLOYMENT_TARGET = 10.2;
				MTL_ENABLE_DEBUG_INFO = NO;
				SDKROOT = iphoneos;
				SWIFT_OPTIMIZATION_LEVEL = "-Owholemodule";
				TARGETED_DEVICE_FAMILY = "1,2";
				VALIDATE_PRODUCT = YES;
			};
			name = Release;
		};
		CD176E5F228DC39000282568 /* Debug */ = {
			isa = XCBuildConfiguration;
			buildSettings = {
				ASSETCATALOG_COMPILER_APPICON_NAME = AppIcon;
				INFOPLIST_FILE = Snake/Info.plist;
				LD_RUNPATH_SEARCH_PATHS = "$(inherited) @executable_path/Frameworks";
				PRODUCT_BUNDLE_IDENTIFIER = SearchingForHopeStudios.Snake;
				PRODUCT_NAME = "$(TARGET_NAME)";
				SWIFT_VERSION = 3.0;
			};
			name = Debug;
		};
		CD176E60228DC39000282568 /* Release */ = {
			isa = XCBuildConfiguration;
			buildSettings = {
				ASSETCATALOG_COMPILER_APPICON_NAME = AppIcon;
				INFOPLIST_FILE = Snake/Info.plist;
				LD_RUNPATH_SEARCH_PATHS = "$(inherited) @executable_path/Frameworks";
				PRODUCT_BUNDLE_IDENTIFIER = SearchingForHopeStudios.Snake;
				PRODUCT_NAME = "$(TARGET_NAME)";
				SWIFT_VERSION = 3.0;
			};
			name = Release;
		};
/* End XCBuildConfiguration section */

/* Begin XCConfigurationList section */
		CD176E41228DC39000282568 /* Build configuration list for PBXProject "Snake" */ = {
			isa = XCConfigurationList;
			buildConfigurations = (
				CD176E5C228DC39000282568 /* Debug */,
				CD176E5D228DC39000282568 /* Release */,
			);
			defaultConfigurationIsVisible = 0;
			defaultConfigurationName = Release;
		};
		CD176E5E228DC39000282568 /* Build configuration list for PBXNativeTarget "Snake" */ = {
			isa = XCConfigurationList;
			buildConfigurations = (
				CD176E5F228DC39000282568 /* Debug */,
				CD176E60228DC39000282568 /* Release */,
			);
			defaultConfigurationIsVisible = 0;
		};
/* End XCConfigurationList section */
	};
	rootObject = CD176E3E228DC39000282568 /* Project object */;
}
